// !$*UTF8*$!
{
	archiveVersion = 1;
	classes = {
	};
	objectVersion = 50;
	objects = {

/* Begin PBXBuildFile section */
		690A0453261D08E800CD5DDB /* OnboardingView.swift in Sources */ = {isa = PBXBuildFile; fileRef = 690A0452261D08E800CD5DDB /* OnboardingView.swift */; };
		690A0455261D0E1700CD5DDB /* Home.swift in Sources */ = {isa = PBXBuildFile; fileRef = 690A0454261D0E1700CD5DDB /* Home.swift */; };
		69611EDD262361B800F1121C /* Profile.swift in Sources */ = {isa = PBXBuildFile; fileRef = 69611EDC262361B800F1121C /* Profile.swift */; };
		69611EDF262367D500F1121C /* Analytics.swift in Sources */ = {isa = PBXBuildFile; fileRef = 69611EDE262367D500F1121C /* Analytics.swift */; };
		69611EE12623694C00F1121C /* Settings.swift in Sources */ = {isa = PBXBuildFile; fileRef = 69611EE02623694C00F1121C /* Settings.swift */; };
		69611EE326236FDE00F1121C /* About.swift in Sources */ = {isa = PBXBuildFile; fileRef = 69611EE226236FDE00F1121C /* About.swift */; };
		69611EE72626DF0A00F1121C /* TileView.swift in Sources */ = {isa = PBXBuildFile; fileRef = 69611EE62626DF0900F1121C /* TileView.swift */; };
		69611EEF2627249200F1121C /* ViewRouter.swift in Sources */ = {isa = PBXBuildFile; fileRef = 69611EEE2627249200F1121C /* ViewRouter.swift */; };
		69611EF12627278300F1121C /* MotherView.swift in Sources */ = {isa = PBXBuildFile; fileRef = 69611EF02627278300F1121C /* MotherView.swift */; };
		69611EF326272BDF00F1121C /* NewDetail.swift in Sources */ = {isa = PBXBuildFile; fileRef = 69611EF226272BDF00F1121C /* NewDetail.swift */; };
		69611F192628781E00F1121C /* BannerView.swift in Sources */ = {isa = PBXBuildFile; fileRef = 69611F182628781E00F1121C /* BannerView.swift */; };
		69611F1B2628832500F1121C /* Banners.swift in Sources */ = {isa = PBXBuildFile; fileRef = 69611F1A2628832500F1121C /* Banners.swift */; };
		69611F1D2628B71900F1121C /* BannersData.json in Resources */ = {isa = PBXBuildFile; fileRef = 69611F1C2628B71900F1121C /* BannersData.json */; };
		69611F1F2628B82900F1121C /* Bundle-Decodable.swift in Sources */ = {isa = PBXBuildFile; fileRef = 69611F1E2628B82900F1121C /* Bundle-Decodable.swift */; };
		69611F23262EC72100F1121C /* PrivacyPolicy.swift in Sources */ = {isa = PBXBuildFile; fileRef = 69611F22262EC72100F1121C /* PrivacyPolicy.swift */; };
		69612279261CE663000CA8C5 /* thirtywearsApp.swift in Sources */ = {isa = PBXBuildFile; fileRef = 69612278261CE663000CA8C5 /* thirtywearsApp.swift */; };
		6961227B261CE663000CA8C5 /* ContentView.swift in Sources */ = {isa = PBXBuildFile; fileRef = 6961227A261CE663000CA8C5 /* ContentView.swift */; };
		6961227D261CE666000CA8C5 /* Assets.xcassets in Resources */ = {isa = PBXBuildFile; fileRef = 6961227C261CE666000CA8C5 /* Assets.xcassets */; };
		69612280261CE666000CA8C5 /* Preview Assets.xcassets in Resources */ = {isa = PBXBuildFile; fileRef = 6961227F261CE666000CA8C5 /* Preview Assets.xcassets */; };
		69612282261CE666000CA8C5 /* Persistence.swift in Sources */ = {isa = PBXBuildFile; fileRef = 69612281261CE666000CA8C5 /* Persistence.swift */; };
		69612285261CE666000CA8C5 /* thirtywears.xcdatamodeld in Sources */ = {isa = PBXBuildFile; fileRef = 69612283261CE666000CA8C5 /* thirtywears.xcdatamodeld */; };
		6961228E261CE6CF000CA8C5 /* Clothing+CoreDataClass.swift in Sources */ = {isa = PBXBuildFile; fileRef = 6961228C261CE6CF000CA8C5 /* Clothing+CoreDataClass.swift */; };
		6961228F261CE6CF000CA8C5 /* Clothing+CoreDataProperties.swift in Sources */ = {isa = PBXBuildFile; fileRef = 6961228D261CE6CF000CA8C5 /* Clothing+CoreDataProperties.swift */; };
		69612293261CE6E7000CA8C5 /* ImagePicker.swift in Sources */ = {isa = PBXBuildFile; fileRef = 69612292261CE6E7000CA8C5 /* ImagePicker.swift */; };
		699AA859262ED3CE00F54621 /* ItemSheet.swift in Sources */ = {isa = PBXBuildFile; fileRef = 699AA858262ED3CE00F54621 /* ItemSheet.swift */; };
/* End PBXBuildFile section */

/* Begin PBXFileReference section */
		690A0452261D08E800CD5DDB /* OnboardingView.swift */ = {isa = PBXFileReference; lastKnownFileType = sourcecode.swift; path = OnboardingView.swift; sourceTree = "<group>"; };
		690A0454261D0E1700CD5DDB /* Home.swift */ = {isa = PBXFileReference; lastKnownFileType = sourcecode.swift; path = Home.swift; sourceTree = "<group>"; };
		69611EDC262361B800F1121C /* Profile.swift */ = {isa = PBXFileReference; lastKnownFileType = sourcecode.swift; path = Profile.swift; sourceTree = "<group>"; };
		69611EDE262367D500F1121C /* Analytics.swift */ = {isa = PBXFileReference; lastKnownFileType = sourcecode.swift; path = Analytics.swift; sourceTree = "<group>"; };
		69611EE02623694C00F1121C /* Settings.swift */ = {isa = PBXFileReference; lastKnownFileType = sourcecode.swift; path = Settings.swift; sourceTree = "<group>"; };
		69611EE226236FDE00F1121C /* About.swift */ = {isa = PBXFileReference; lastKnownFileType = sourcecode.swift; path = About.swift; sourceTree = "<group>"; };
		69611EE62626DF0900F1121C /* TileView.swift */ = {isa = PBXFileReference; lastKnownFileType = sourcecode.swift; path = TileView.swift; sourceTree = "<group>"; };
		69611EEE2627249200F1121C /* ViewRouter.swift */ = {isa = PBXFileReference; lastKnownFileType = sourcecode.swift; path = ViewRouter.swift; sourceTree = "<group>"; };
		69611EF02627278300F1121C /* MotherView.swift */ = {isa = PBXFileReference; lastKnownFileType = sourcecode.swift; path = MotherView.swift; sourceTree = "<group>"; };
		69611EF226272BDF00F1121C /* NewDetail.swift */ = {isa = PBXFileReference; lastKnownFileType = sourcecode.swift; path = NewDetail.swift; sourceTree = "<group>"; };
		69611F182628781E00F1121C /* BannerView.swift */ = {isa = PBXFileReference; lastKnownFileType = sourcecode.swift; path = BannerView.swift; sourceTree = "<group>"; };
		69611F1A2628832500F1121C /* Banners.swift */ = {isa = PBXFileReference; lastKnownFileType = sourcecode.swift; path = Banners.swift; sourceTree = "<group>"; };
		69611F1C2628B71900F1121C /* BannersData.json */ = {isa = PBXFileReference; lastKnownFileType = text.json; path = BannersData.json; sourceTree = "<group>"; };
		69611F1E2628B82900F1121C /* Bundle-Decodable.swift */ = {isa = PBXFileReference; lastKnownFileType = sourcecode.swift; path = "Bundle-Decodable.swift"; sourceTree = "<group>"; };
		69611F22262EC72100F1121C /* PrivacyPolicy.swift */ = {isa = PBXFileReference; lastKnownFileType = sourcecode.swift; path = PrivacyPolicy.swift; sourceTree = "<group>"; };
		69612275261CE663000CA8C5 /* thirtywears.app */ = {isa = PBXFileReference; explicitFileType = wrapper.application; includeInIndex = 0; path = thirtywears.app; sourceTree = BUILT_PRODUCTS_DIR; };
		69612278261CE663000CA8C5 /* thirtywearsApp.swift */ = {isa = PBXFileReference; lastKnownFileType = sourcecode.swift; path = thirtywearsApp.swift; sourceTree = "<group>"; };
		6961227A261CE663000CA8C5 /* ContentView.swift */ = {isa = PBXFileReference; lastKnownFileType = sourcecode.swift; path = ContentView.swift; sourceTree = "<group>"; };
		6961227C261CE666000CA8C5 /* Assets.xcassets */ = {isa = PBXFileReference; lastKnownFileType = folder.assetcatalog; path = Assets.xcassets; sourceTree = "<group>"; };
		6961227F261CE666000CA8C5 /* Preview Assets.xcassets */ = {isa = PBXFileReference; lastKnownFileType = folder.assetcatalog; path = "Preview Assets.xcassets"; sourceTree = "<group>"; };
		69612281261CE666000CA8C5 /* Persistence.swift */ = {isa = PBXFileReference; lastKnownFileType = sourcecode.swift; path = Persistence.swift; sourceTree = "<group>"; };
		69612284261CE666000CA8C5 /* thirtywears.xcdatamodel */ = {isa = PBXFileReference; lastKnownFileType = wrapper.xcdatamodel; path = thirtywears.xcdatamodel; sourceTree = "<group>"; };
		69612286261CE666000CA8C5 /* Info.plist */ = {isa = PBXFileReference; lastKnownFileType = text.plist.xml; path = Info.plist; sourceTree = "<group>"; };
		6961228C261CE6CF000CA8C5 /* Clothing+CoreDataClass.swift */ = {isa = PBXFileReference; lastKnownFileType = sourcecode.swift; path = "Clothing+CoreDataClass.swift"; sourceTree = SOURCE_ROOT; };
		6961228D261CE6CF000CA8C5 /* Clothing+CoreDataProperties.swift */ = {isa = PBXFileReference; lastKnownFileType = sourcecode.swift; path = "Clothing+CoreDataProperties.swift"; sourceTree = SOURCE_ROOT; };
		69612292261CE6E7000CA8C5 /* ImagePicker.swift */ = {isa = PBXFileReference; fileEncoding = 4; lastKnownFileType = sourcecode.swift; name = ImagePicker.swift; path = ../../photosaver/photosaver/ImagePicker.swift; sourceTree = "<group>"; };
		699AA858262ED3CE00F54621 /* ItemSheet.swift */ = {isa = PBXFileReference; lastKnownFileType = sourcecode.swift; path = ItemSheet.swift; sourceTree = "<group>"; };
/* End PBXFileReference section */

/* Begin PBXFrameworksBuildPhase section */
		69612272261CE663000CA8C5 /* Frameworks */ = {
			isa = PBXFrameworksBuildPhase;
			buildActionMask = 2147483647;
			files = (
			);
			runOnlyForDeploymentPostprocessing = 0;
		};
/* End PBXFrameworksBuildPhase section */

/* Begin PBXGroup section */
		6961226C261CE663000CA8C5 = {
			isa = PBXGroup;
			children = (
				69612277261CE663000CA8C5 /* thirtywears */,
				69612276261CE663000CA8C5 /* Products */,
			);
			sourceTree = "<group>";
		};
		69612276261CE663000CA8C5 /* Products */ = {
			isa = PBXGroup;
			children = (
				69612275261CE663000CA8C5 /* thirtywears.app */,
			);
			name = Products;
			sourceTree = "<group>";
		};
		69612277261CE663000CA8C5 /* thirtywears */ = {
			isa = PBXGroup;
			children = (
				699AA857262ED3B000F54621 /* Secondary Views */,
				699AA856262ED34C00F54621 /* Main Views */,
				699AA855262ED2C200F54621 /* ProfileContent */,
				6961228C261CE6CF000CA8C5 /* Clothing+CoreDataClass.swift */,
				6961228D261CE6CF000CA8C5 /* Clothing+CoreDataProperties.swift */,
				69612278261CE663000CA8C5 /* thirtywearsApp.swift */,
				69611EE02623694C00F1121C /* Settings.swift */,
				69611F1A2628832500F1121C /* Banners.swift */,
				69611F1C2628B71900F1121C /* BannersData.json */,
				69611EF226272BDF00F1121C /* NewDetail.swift */,
				69611F1E2628B82900F1121C /* Bundle-Decodable.swift */,
				6961227C261CE666000CA8C5 /* Assets.xcassets */,
				69612281261CE666000CA8C5 /* Persistence.swift */,
				69612292261CE6E7000CA8C5 /* ImagePicker.swift */,
				69612286261CE666000CA8C5 /* Info.plist */,
				69612283261CE666000CA8C5 /* thirtywears.xcdatamodeld */,
				6961227E261CE666000CA8C5 /* Preview Content */,
			);
			path = thirtywears;
			sourceTree = "<group>";
		};
		6961227E261CE666000CA8C5 /* Preview Content */ = {
			isa = PBXGroup;
			children = (
				6961227F261CE666000CA8C5 /* Preview Assets.xcassets */,
			);
			path = "Preview Content";
			sourceTree = "<group>";
		};
		699AA855262ED2C200F54621 /* ProfileContent */ = {
			isa = PBXGroup;
			children = (
				69611EE226236FDE00F1121C /* About.swift */,
				69611F22262EC72100F1121C /* PrivacyPolicy.swift */,
			);
			path = ProfileContent;
			sourceTree = "<group>";
		};
		699AA856262ED34C00F54621 /* Main Views */ = {
			isa = PBXGroup;
			children = (
				69611EF02627278300F1121C /* MotherView.swift */,
				69611EEE2627249200F1121C /* ViewRouter.swift */,
				690A0452261D08E800CD5DDB /* OnboardingView.swift */,
				6961227A261CE663000CA8C5 /* ContentView.swift */,
				690A0454261D0E1700CD5DDB /* Home.swift */,
				69611EDE262367D500F1121C /* Analytics.swift */,
				69611EDC262361B800F1121C /* Profile.swift */,
				699AA858262ED3CE00F54621 /* ItemSheet.swift */,
			);
			path = "Main Views";
			sourceTree = "<group>";
		};
		699AA857262ED3B000F54621 /* Secondary Views */ = {
			isa = PBXGroup;
			children = (
				69611F182628781E00F1121C /* BannerView.swift */,
				69611EE62626DF0900F1121C /* TileView.swift */,
			);
			path = "Secondary Views";
			sourceTree = "<group>";
		};
/* End PBXGroup section */

/* Begin PBXNativeTarget section */
		69612274261CE663000CA8C5 /* thirtywears */ = {
			isa = PBXNativeTarget;
			buildConfigurationList = 69612289261CE666000CA8C5 /* Build configuration list for PBXNativeTarget "thirtywears" */;
			buildPhases = (
				69612271261CE663000CA8C5 /* Sources */,
				69612272261CE663000CA8C5 /* Frameworks */,
				69612273261CE663000CA8C5 /* Resources */,
			);
			buildRules = (
			);
			dependencies = (
			);
			name = thirtywears;
			productName = thirtywears;
			productReference = 69612275261CE663000CA8C5 /* thirtywears.app */;
			productType = "com.apple.product-type.application";
		};
/* End PBXNativeTarget section */

/* Begin PBXProject section */
		6961226D261CE663000CA8C5 /* Project object */ = {
			isa = PBXProject;
			attributes = {
				LastSwiftUpdateCheck = 1250;
				LastUpgradeCheck = 1250;
				TargetAttributes = {
					69612274261CE663000CA8C5 = {
						CreatedOnToolsVersion = 12.5;
					};
				};
			};
			buildConfigurationList = 69612270261CE663000CA8C5 /* Build configuration list for PBXProject "thirtywears" */;
			compatibilityVersion = "Xcode 9.3";
			developmentRegion = en;
			hasScannedForEncodings = 0;
			knownRegions = (
				en,
				Base,
			);
			mainGroup = 6961226C261CE663000CA8C5;
			productRefGroup = 69612276261CE663000CA8C5 /* Products */;
			projectDirPath = "";
			projectRoot = "";
			targets = (
				69612274261CE663000CA8C5 /* thirtywears */,
			);
		};
/* End PBXProject section */

/* Begin PBXResourcesBuildPhase section */
		69612273261CE663000CA8C5 /* Resources */ = {
			isa = PBXResourcesBuildPhase;
			buildActionMask = 2147483647;
			files = (
				69612280261CE666000CA8C5 /* Preview Assets.xcassets in Resources */,
				6961227D261CE666000CA8C5 /* Assets.xcassets in Resources */,
				69611F1D2628B71900F1121C /* BannersData.json in Resources */,
			);
			runOnlyForDeploymentPostprocessing = 0;
		};
/* End PBXResourcesBuildPhase section */

/* Begin PBXSourcesBuildPhase section */
		69612271261CE663000CA8C5 /* Sources */ = {
			isa = PBXSourcesBuildPhase;
			buildActionMask = 2147483647;
			files = (
				69612282261CE666000CA8C5 /* Persistence.swift in Sources */,
				69611EE72626DF0A00F1121C /* TileView.swift in Sources */,
				6961227B261CE663000CA8C5 /* ContentView.swift in Sources */,
				69611EE12623694C00F1121C /* Settings.swift in Sources */,
				69611F192628781E00F1121C /* BannerView.swift in Sources */,
				69611EDF262367D500F1121C /* Analytics.swift in Sources */,
				690A0455261D0E1700CD5DDB /* Home.swift in Sources */,
				690A0453261D08E800CD5DDB /* OnboardingView.swift in Sources */,
				69611F1F2628B82900F1121C /* Bundle-Decodable.swift in Sources */,
				69611EEF2627249200F1121C /* ViewRouter.swift in Sources */,
				699AA859262ED3CE00F54621 /* ItemSheet.swift in Sources */,
				69611F1B2628832500F1121C /* Banners.swift in Sources */,
				6961228E261CE6CF000CA8C5 /* Clothing+CoreDataClass.swift in Sources */,
				69612285261CE666000CA8C5 /* thirtywears.xcdatamodeld in Sources */,
				69611F23262EC72100F1121C /* PrivacyPolicy.swift in Sources */,
				69611EE326236FDE00F1121C /* About.swift in Sources */,
				69612293261CE6E7000CA8C5 /* ImagePicker.swift in Sources */,
				69611EDD262361B800F1121C /* Profile.swift in Sources */,
				69612279261CE663000CA8C5 /* thirtywearsApp.swift in Sources */,
				69611EF12627278300F1121C /* MotherView.swift in Sources */,
				6961228F261CE6CF000CA8C5 /* Clothing+CoreDataProperties.swift in Sources */,
				69611EF326272BDF00F1121C /* NewDetail.swift in Sources */,
			);
			runOnlyForDeploymentPostprocessing = 0;
		};
/* End PBXSourcesBuildPhase section */

/* Begin XCBuildConfiguration section */
		69612287261CE666000CA8C5 /* Debug */ = {
			isa = XCBuildConfiguration;
			buildSettings = {
				ALWAYS_SEARCH_USER_PATHS = NO;
				CLANG_ANALYZER_NONNULL = YES;
				CLANG_ANALYZER_NUMBER_OBJECT_CONVERSION = YES_AGGRESSIVE;
				CLANG_CXX_LANGUAGE_STANDARD = "gnu++14";
				CLANG_CXX_LIBRARY = "libc++";
				CLANG_ENABLE_MODULES = YES;
				CLANG_ENABLE_OBJC_ARC = YES;
				CLANG_ENABLE_OBJC_WEAK = YES;
				CLANG_WARN_BLOCK_CAPTURE_AUTORELEASING = YES;
				CLANG_WARN_BOOL_CONVERSION = YES;
				CLANG_WARN_COMMA = YES;
				CLANG_WARN_CONSTANT_CONVERSION = YES;
				CLANG_WARN_DEPRECATED_OBJC_IMPLEMENTATIONS = YES;
				CLANG_WARN_DIRECT_OBJC_ISA_USAGE = YES_ERROR;
				CLANG_WARN_DOCUMENTATION_COMMENTS = YES;
				CLANG_WARN_EMPTY_BODY = YES;
				CLANG_WARN_ENUM_CONVERSION = YES;
				CLANG_WARN_INFINITE_RECURSION = YES;
				CLANG_WARN_INT_CONVERSION = YES;
				CLANG_WARN_NON_LITERAL_NULL_CONVERSION = YES;
				CLANG_WARN_OBJC_IMPLICIT_RETAIN_SELF = YES;
				CLANG_WARN_OBJC_LITERAL_CONVERSION = YES;
				CLANG_WARN_OBJC_ROOT_CLASS = YES_ERROR;
				CLANG_WARN_QUOTED_INCLUDE_IN_FRAMEWORK_HEADER = YES;
				CLANG_WARN_RANGE_LOOP_ANALYSIS = YES;
				CLANG_WARN_STRICT_PROTOTYPES = YES;
				CLANG_WARN_SUSPICIOUS_MOVE = YES;
				CLANG_WARN_UNGUARDED_AVAILABILITY = YES_AGGRESSIVE;
				CLANG_WARN_UNREACHABLE_CODE = YES;
				CLANG_WARN__DUPLICATE_METHOD_MATCH = YES;
				COPY_PHASE_STRIP = NO;
				DEBUG_INFORMATION_FORMAT = dwarf;
				ENABLE_STRICT_OBJC_MSGSEND = YES;
				ENABLE_TESTABILITY = YES;
				GCC_C_LANGUAGE_STANDARD = gnu11;
				GCC_DYNAMIC_NO_PIC = NO;
				GCC_NO_COMMON_BLOCKS = YES;
				GCC_OPTIMIZATION_LEVEL = 0;
				GCC_PREPROCESSOR_DEFINITIONS = (
					"DEBUG=1",
					"$(inherited)",
				);
				GCC_WARN_64_TO_32_BIT_CONVERSION = YES;
				GCC_WARN_ABOUT_RETURN_TYPE = YES_ERROR;
				GCC_WARN_UNDECLARED_SELECTOR = YES;
				GCC_WARN_UNINITIALIZED_AUTOS = YES_AGGRESSIVE;
				GCC_WARN_UNUSED_FUNCTION = YES;
				GCC_WARN_UNUSED_VARIABLE = YES;
				IPHONEOS_DEPLOYMENT_TARGET = 14.5;
				MTL_ENABLE_DEBUG_INFO = INCLUDE_SOURCE;
				MTL_FAST_MATH = YES;
				ONLY_ACTIVE_ARCH = YES;
				SDKROOT = iphoneos;
				SWIFT_ACTIVE_COMPILATION_CONDITIONS = DEBUG;
				SWIFT_OPTIMIZATION_LEVEL = "-Onone";
			};
			name = Debug;
		};
		69612288261CE666000CA8C5 /* Release */ = {
			isa = XCBuildConfiguration;
			buildSettings = {
				ALWAYS_SEARCH_USER_PATHS = NO;
				CLANG_ANALYZER_NONNULL = YES;
				CLANG_ANALYZER_NUMBER_OBJECT_CONVERSION = YES_AGGRESSIVE;
				CLANG_CXX_LANGUAGE_STANDARD = "gnu++14";
				CLANG_CXX_LIBRARY = "libc++";
				CLANG_ENABLE_MODULES = YES;
				CLANG_ENABLE_OBJC_ARC = YES;
				CLANG_ENABLE_OBJC_WEAK = YES;
				CLANG_WARN_BLOCK_CAPTURE_AUTORELEASING = YES;
				CLANG_WARN_BOOL_CONVERSION = YES;
				CLANG_WARN_COMMA = YES;
				CLANG_WARN_CONSTANT_CONVERSION = YES;
				CLANG_WARN_DEPRECATED_OBJC_IMPLEMENTATIONS = YES;
				CLANG_WARN_DIRECT_OBJC_ISA_USAGE = YES_ERROR;
				CLANG_WARN_DOCUMENTATION_COMMENTS = YES;
				CLANG_WARN_EMPTY_BODY = YES;
				CLANG_WARN_ENUM_CONVERSION = YES;
				CLANG_WARN_INFINITE_RECURSION = YES;
				CLANG_WARN_INT_CONVERSION = YES;
				CLANG_WARN_NON_LITERAL_NULL_CONVERSION = YES;
				CLANG_WARN_OBJC_IMPLICIT_RETAIN_SELF = YES;
				CLANG_WARN_OBJC_LITERAL_CONVERSION = YES;
				CLANG_WARN_OBJC_ROOT_CLASS = YES_ERROR;
				CLANG_WARN_QUOTED_INCLUDE_IN_FRAMEWORK_HEADER = YES;
				CLANG_WARN_RANGE_LOOP_ANALYSIS = YES;
				CLANG_WARN_STRICT_PROTOTYPES = YES;
				CLANG_WARN_SUSPICIOUS_MOVE = YES;
				CLANG_WARN_UNGUARDED_AVAILABILITY = YES_AGGRESSIVE;
				CLANG_WARN_UNREACHABLE_CODE = YES;
				CLANG_WARN__DUPLICATE_METHOD_MATCH = YES;
				COPY_PHASE_STRIP = NO;
				DEBUG_INFORMATION_FORMAT = "dwarf-with-dsym";
				ENABLE_NS_ASSERTIONS = NO;
				ENABLE_STRICT_OBJC_MSGSEND = YES;
				GCC_C_LANGUAGE_STANDARD = gnu11;
				GCC_NO_COMMON_BLOCKS = YES;
				GCC_WARN_64_TO_32_BIT_CONVERSION = YES;
				GCC_WARN_ABOUT_RETURN_TYPE = YES_ERROR;
				GCC_WARN_UNDECLARED_SELECTOR = YES;
				GCC_WARN_UNINITIALIZED_AUTOS = YES_AGGRESSIVE;
				GCC_WARN_UNUSED_FUNCTION = YES;
				GCC_WARN_UNUSED_VARIABLE = YES;
				IPHONEOS_DEPLOYMENT_TARGET = 14.5;
				MTL_ENABLE_DEBUG_INFO = NO;
				MTL_FAST_MATH = YES;
				SDKROOT = iphoneos;
				SWIFT_COMPILATION_MODE = wholemodule;
				SWIFT_OPTIMIZATION_LEVEL = "-O";
				VALIDATE_PRODUCT = YES;
			};
			name = Release;
		};
		6961228A261CE666000CA8C5 /* Debug */ = {
			isa = XCBuildConfiguration;
			buildSettings = {
				ASSETCATALOG_COMPILER_APPICON_NAME = AppIcon;
				ASSETCATALOG_COMPILER_GLOBAL_ACCENT_COLOR_NAME = AccentColor;
				CODE_SIGN_STYLE = Automatic;
				CURRENT_PROJECT_VERSION = 18;
				DEVELOPMENT_ASSET_PATHS = "\"thirtywears/Preview Content\"";
				DEVELOPMENT_TEAM = ZRG49XMD68;
				ENABLE_PREVIEWS = YES;
				INFOPLIST_FILE = thirtywears/Info.plist;
				IPHONEOS_DEPLOYMENT_TARGET = 14.0;
				LD_RUNPATH_SEARCH_PATHS = (
					"$(inherited)",
					"@executable_path/Frameworks",
				);
				PRODUCT_BUNDLE_IDENTIFIER = "jackie-nuca.thirtywears";
				PRODUCT_NAME = "$(TARGET_NAME)";
				SWIFT_VERSION = 5.0;
				TARGETED_DEVICE_FAMILY = "1,2";
			};
			name = Debug;
		};
		6961228B261CE666000CA8C5 /* Release */ = {
			isa = XCBuildConfiguration;
			buildSettings = {
				ASSETCATALOG_COMPILER_APPICON_NAME = AppIcon;
				ASSETCATALOG_COMPILER_GLOBAL_ACCENT_COLOR_NAME = AccentColor;
				CODE_SIGN_STYLE = Automatic;
				CURRENT_PROJECT_VERSION = 18;
				DEVELOPMENT_ASSET_PATHS = "\"thirtywears/Preview Content\"";
				DEVELOPMENT_TEAM = ZRG49XMD68;
				ENABLE_PREVIEWS = YES;
				INFOPLIST_FILE = thirtywears/Info.plist;
				IPHONEOS_DEPLOYMENT_TARGET = 14.0;
				LD_RUNPATH_SEARCH_PATHS = (
					"$(inherited)",
					"@executable_path/Frameworks",
				);
				PRODUCT_BUNDLE_IDENTIFIER = "jackie-nuca.thirtywears";
				PRODUCT_NAME = "$(TARGET_NAME)";
				SWIFT_VERSION = 5.0;
				TARGETED_DEVICE_FAMILY = "1,2";
			};
			name = Release;
		};
/* End XCBuildConfiguration section */

/* Begin XCConfigurationList section */
		69612270261CE663000CA8C5 /* Build configuration list for PBXProject "thirtywears" */ = {
			isa = XCConfigurationList;
			buildConfigurations = (
				69612287261CE666000CA8C5 /* Debug */,
				69612288261CE666000CA8C5 /* Release */,
			);
			defaultConfigurationIsVisible = 0;
			defaultConfigurationName = Release;
		};
		69612289261CE666000CA8C5 /* Build configuration list for PBXNativeTarget "thirtywears" */ = {
			isa = XCConfigurationList;
			buildConfigurations = (
				6961228A261CE666000CA8C5 /* Debug */,
				6961228B261CE666000CA8C5 /* Release */,
			);
			defaultConfigurationIsVisible = 0;
			defaultConfigurationName = Release;
		};
/* End XCConfigurationList section */

/* Begin XCVersionGroup section */
		69612283261CE666000CA8C5 /* thirtywears.xcdatamodeld */ = {
			isa = XCVersionGroup;
			children = (
				69612284261CE666000CA8C5 /* thirtywears.xcdatamodel */,
			);
			currentVersion = 69612284261CE666000CA8C5 /* thirtywears.xcdatamodel */;
			path = thirtywears.xcdatamodeld;
			sourceTree = "<group>";
			versionGroupType = wrapper.xcdatamodel;
		};
/* End XCVersionGroup section */
	};
	rootObject = 6961226D261CE663000CA8C5 /* Project object */;
}
